
Microsoft Visual Studio Solution File, Format Version 12.00
# Visual Studio Version 17
VisualStudioVersion = 17.12.35707.178
MinimumVisualStudioVersion = 10.0.40219.1
Project("{FAE04EC0-301F-11D3-BF4B-00C04F79EFBC}") = "winform-app", "winform-app\winform-app.csproj", "{D9C0FB21-FA17-469D-9061-8725326624A0}"
	ProjectSection(ProjectDependencies) = postProject
		{4D9DF735-998E-4F39-BACD-FC711453E850} = {4D9DF735-998E-4F39-BACD-FC711453E850}
	EndProjectSection
EndProject
Project("{FAE04EC0-301F-11D3-BF4B-00C04F79EFBC}") = "Dominio", "Dominio\Dominio.csproj", "{4D9DF735-998E-4F39-BACD-FC711453E850}"
EndProject
Project("{FAE04EC0-301F-11D3-BF4B-00C04F79EFBC}") = "Negocio", "Negocio\Negocio.csproj", "{0794B8CB-3857-4733-9799-2EDB9A1CE669}"
EndProject
Global
	GlobalSection(SolutionConfigurationPlatforms) = preSolution
		Debug|Any CPU = Debug|Any CPU
		Release|Any CPU = Release|Any CPU
	EndGlobalSection
	GlobalSection(ProjectConfigurationPlatforms) = postSolution
		{D9C0FB21-FA17-469D-9061-8725326624A0}.Debug|Any CPU.ActiveCfg = Debug|Any CPU
		{D9C0FB21-FA17-469D-9061-8725326624A0}.Debug|Any CPU.Build.0 = Debug|Any CPU
		{D9C0FB21-FA17-469D-9061-8725326624A0}.Release|Any CPU.ActiveCfg = Release|Any CPU
		{D9C0FB21-FA17-469D-9061-8725326624A0}.Release|Any CPU.Build.0 = Release|Any CPU
		{4D9DF735-998E-4F39-BACD-FC711453E850}.Debug|Any CPU.ActiveCfg = Debug|Any CPU
		{4D9DF735-998E-4F39-BACD-FC711453E850}.Debug|Any CPU.Build.0 = Debug|Any CPU
		{4D9DF735-998E-4F39-BACD-FC711453E850}.Release|Any CPU.ActiveCfg = Release|Any CPU
		{4D9DF735-998E-4F39-BACD-FC711453E850}.Release|Any CPU.Build.0 = Release|Any CPU
		{0794B8CB-3857-4733-9799-2EDB9A1CE669}.Debug|Any CPU.ActiveCfg = Debug|Any CPU
		{0794B8CB-3857-4733-9799-2EDB9A1CE669}.Debug|Any CPU.Build.0 = Debug|Any CPU
		{0794B8CB-3857-4733-9799-2EDB9A1CE669}.Release|Any CPU.ActiveCfg = Release|Any CPU
		{0794B8CB-3857-4733-9799-2EDB9A1CE669}.Release|Any CPU.Build.0 = Release|Any CPU
	EndGlobalSection
	GlobalSection(SolutionProperties) = preSolution
		HideSolutionNode = FALSE
	EndGlobalSection
EndGlobal
